<?xml version="1.0" encoding="utf-8"?>
<Project ToolsVersion="4.0" xmlns="http://schemas.microsoft.com/developer/msbuild/2003">
  <ItemGroup>
    <Filter Include="源文件">
      <UniqueIdentifier>{4FC737F1-C7A5-4376-A066-2A32D752A2FF}</UniqueIdentifier>
      <Extensions>cpp;c;cc;cxx;c++;cppm;ixx;def;odl;idl;hpj;bat;asm;asmx</Extensions>
    </Filter>
    <Filter Include="头文件">
      <UniqueIdentifier>{93995380-89BD-4b04-88EB-625FBE52EBFB}</UniqueIdentifier>
      <Extensions>h;hh;hpp;hxx;h++;hm;inl;inc;ipp;xsd</Extensions>
    </Filter>
    <Filter Include="资源文件">
      <UniqueIdentifier>{67DA6AB6-F800-4c08-8B7A-83BB121AAD01}</UniqueIdentifier>
      <Extensions>rc;ico;cur;bmp;dlg;rc2;rct;bin;rgs;gif;jpg;jpeg;jpe;resx;tiff;tif;png;wav;mfcribbon-ms</Extensions>
    </Filter>
    <Filter Include="VFS">
      <UniqueIdentifier>{afdc12b2-5482-4486-9308-f5ff71ecf94b}</UniqueIdentifier>
    </Filter>
    <Filter Include="HtmlWindow">
      <UniqueIdentifier>{e5970c18-8175-4778-81b8-32ac73300c4b}</UniqueIdentifier>
    </Filter>
    <Filter Include="Markdown">
      <UniqueIdentifier>{63f99067-7551-458e-ac67-4f8d325cc12f}</UniqueIdentifier>
    </Filter>
    <Filter Include="Debug">
      <UniqueIdentifier>{77103580-2341-4162-b470-efcef5096a3e}</UniqueIdentifier>
    </Filter>
    <Filter Include="Container">
      <UniqueIdentifier>{056788ed-ef1d-47eb-8462-dcf7bb66e2d9}</UniqueIdentifier>
    </Filter>
    <Filter Include="Frame">
      <UniqueIdentifier>{e7e90365-7883-4336-b457-2972ac22f1df}</UniqueIdentifier>
    </Filter>
  </ItemGroup>
  <ItemGroup>
    <ClInclude Include="main.h">
      <Filter>头文件</Filter>
    </ClInclude>
    <ClInclude Include="VirtualFileSystem.h">
      <Filter>VFS</Filter>
    </ClInclude>
    <ClInclude Include="LocalVFS.h">
      <Filter>VFS</Filter>
    </ClInclude>
    <ClInclude Include="HtmlDumper.h">
      <Filter>HtmlWindow</Filter>
    </ClInclude>
    <ClInclude Include="HtmlWindow.h">
      <Filter>HtmlWindow</Filter>
    </ClInclude>
    <ClInclude Include="wxContainer.h">
      <Filter>Container</Filter>
    </ClInclude>
    <ClInclude Include="MarkdownWindow.h">
      <Filter>Markdown</Filter>
    </ClInclude>
    <ClInclude Include="MarkdownTextCtrl.h">
      <Filter>Markdown</Filter>
    </ClInclude>
    <ClInclude Include="Timer.h">
      <Filter>Debug</Filter>
    </ClInclude>
    <ClInclude Include="debug.h">
      <Filter>Debug</Filter>
    </ClInclude>
    <ClInclude Include="MarkdownFrame.h">
      <Filter>Frame</Filter>
    </ClInclude>
  </ItemGroup>
  <ItemGroup>
    <ClCompile Include="LocalVFS.cpp">
      <Filter>VFS</Filter>
    </ClCompile>
    <ClCompile Include="HtmlDumper.cpp">
      <Filter>HtmlWindow</Filter>
    </ClCompile>
    <ClCompile Include="HtmlWindow.cpp">
      <Filter>HtmlWindow</Filter>
    </ClCompile>
    <ClCompile Include="wxContainer.cpp">
      <Filter>Container</Filter>
    </ClCompile>
    <ClCompile Include="MarkdownWindow.cpp">
      <Filter>Markdown</Filter>
    </ClCompile>
    <ClCompile Include="MarkdownTextCtrl.cpp">
      <Filter>Markdown</Filter>
    </ClCompile>
    <ClCompile Include="Timer.cpp">
      <Filter>Debug</Filter>
    </ClCompile>
    <ClCompile Include="MarkdownFrame.cpp">
      <Filter>Frame</Filter>
    </ClCompile>
    <ClCompile Include="main.cpp">
      <Filter>Frame</Filter>
    </ClCompile>
  </ItemGroup>
  <ItemGroup>
    <CopyFileToFolders Include="resources\markdown.css" />
    <CopyFileToFolders Include="resources\homepage.md" />
    <CopyFileToFolders Include="resources\markdown-dark.css" />
  </ItemGroup>
</Project>